
Microsoft Visual Studio Solution File, Format Version 12.00
# Visual Studio Version 17
VisualStudioVersion = 17.0.32014.148
MinimumVisualStudioVersion = 10.0.40219.1
Project("{9A19103F-16F7-4668-BE54-9A1E7A4F7556}") = "TB_ShoppingCartAPI", "TB_ShoppingCartAPI.csproj", "{CBCACF1C-9C3C-4FB9-8B94-B845A45A0D87}"
EndProject
Global
	GlobalSection(SolutionConfigurationPlatforms) = preSolution
		Debug|Any CPU = Debug|Any CPU
		Release|Any CPU = Release|Any CPU
	EndGlobalSection
	GlobalSection(ProjectConfigurationPlatforms) = postSolution
		{CBCACF1C-9C3C-4FB9-8B94-B845A45A0D87}.Debug|Any CPU.ActiveCfg = Debug|Any CPU
		{CBCACF1C-9C3C-4FB9-8B94-B845A45A0D87}.Debug|Any CPU.Build.0 = Debug|Any CPU
		{CBCACF1C-9C3C-4FB9-8B94-B845A45A0D87}.Release|Any CPU.ActiveCfg = Release|Any CPU
		{CBCACF1C-9C3C-4FB9-8B94-B845A45A0D87}.Release|Any CPU.Build.0 = Release|Any CPU
	EndGlobalSection
	GlobalSection(SolutionProperties) = preSolution
		HideSolutionNode = FALSE
	EndGlobalSection
	GlobalSection(ExtensibilityGlobals) = postSolution
		SolutionGuid = {0597A176-B17D-4EB9-A265-77337B636F98}
	EndGlobalSection
EndGlobal
